<?xml version="1.0" encoding="utf-8"?>
<Project ToolsVersion="4.0" xmlns="http://schemas.microsoft.com/developer/msbuild/2003">
  <ItemGroup>
    <Filter Include="源文件">
      <UniqueIdentifier>{4FC737F1-C7A5-4376-A066-2A32D752A2FF}</UniqueIdentifier>
      <Extensions>cpp;c;cc;cxx;def;odl;idl;hpj;bat;asm;asmx</Extensions>
    </Filter>
    <Filter Include="头文件">
      <UniqueIdentifier>{93995380-89BD-4b04-88EB-625FBE52EBFB}</UniqueIdentifier>
      <Extensions>h;hpp;hxx;hm;inl;inc;xsd</Extensions>
    </Filter>
    <Filter Include="资源文件">
      <UniqueIdentifier>{67DA6AB6-F800-4c08-8B7A-83BB121AAD01}</UniqueIdentifier>
      <Extensions>rc;ico;cur;bmp;dlg;rc2;rct;bin;rgs;gif;jpg;jpeg;jpe;resx;tiff;tif;png;wav;mfcribbon-ms</Extensions>
    </Filter>
    <Filter Include="交易界面">
      <UniqueIdentifier>{174e3cd8-dde9-4dfe-ae9d-eb943c70fdf1}</UniqueIdentifier>
    </Filter>
    <Filter Include="交易界面\股票买卖">
      <UniqueIdentifier>{03a12c97-fc6c-4b23-90da-d8c6acc2fd96}</UniqueIdentifier>
    </Filter>
    <Filter Include="交易界面\Controls">
      <UniqueIdentifier>{e0778e75-4765-42d2-8543-c290ee74bdff}</UniqueIdentifier>
    </Filter>
    <Filter Include="脚本">
      <UniqueIdentifier>{49e1013c-4902-459f-80f0-ca0ee00b9b30}</UniqueIdentifier>
    </Filter>
    <Filter Include="交易软件接口">
      <UniqueIdentifier>{af89a88f-190b-48a8-9d57-bc1cee36771b}</UniqueIdentifier>
    </Filter>
  </ItemGroup>
  <ItemGroup>
    <None Include="ReadMe.txt" />
    <None Include="Test.ico">
      <Filter>资源文件</Filter>
    </None>
    <None Include="script\stockdata.lua" />
    <None Include="Script\trad1.lua" />
    <None Include="Script\trad2.lua" />
  </ItemGroup>
  <ItemGroup>
    <ClInclude Include="stdafx.h">
      <Filter>头文件</Filter>
    </ClInclude>
    <ClInclude Include="targetver.h">
      <Filter>头文件</Filter>
    </ClInclude>
    <ClInclude Include="resource.h">
      <Filter>头文件</Filter>
    </ClInclude>
    <ClInclude Include="ui\ConComboBox.h">
      <Filter>交易界面\Controls</Filter>
    </ClInclude>
    <ClInclude Include="ui\DlgStockBuy.h">
      <Filter>交易界面\股票买卖</Filter>
    </ClInclude>
    <ClInclude Include="ui\DlgStockSell.h">
      <Filter>交易界面\股票买卖</Filter>
    </ClInclude>
    <ClInclude Include="ui\JylsForm.h">
      <Filter>交易界面</Filter>
    </ClInclude>
    <ClInclude Include="ui\MainDlg.h">
      <Filter>交易界面</Filter>
    </ClInclude>
    <ClInclude Include="ui\PriceComboBox.h">
      <Filter>交易界面\Controls</Filter>
    </ClInclude>
    <ClInclude Include="script\ScriptEng.h">
      <Filter>脚本</Filter>
    </ClInclude>
    <ClInclude Include="ui\UnitComboBox.h">
      <Filter>交易界面\Controls</Filter>
    </ClInclude>
    <ClInclude Include="UI\IconListener.h">
      <Filter>交易界面</Filter>
    </ClInclude>
    <ClInclude Include="interface\TdxTrading.h">
      <Filter>交易软件接口</Filter>
    </ClInclude>
    <ClInclude Include="ITradInterface.h">
      <Filter>头文件</Filter>
    </ClInclude>
  </ItemGroup>
  <ItemGroup>
    <ClCompile Include="stdafx.cpp">
      <Filter>源文件</Filter>
    </ClCompile>
    <ClCompile Include="main.cpp">
      <Filter>源文件</Filter>
    </ClCompile>
    <ClCompile Include="ui\ConComboBox.cpp">
      <Filter>交易界面\Controls</Filter>
    </ClCompile>
    <ClCompile Include="ui\DlgStockBuy.cpp">
      <Filter>交易界面\股票买卖</Filter>
    </ClCompile>
    <ClCompile Include="ui\DlgStockSell.cpp">
      <Filter>交易界面\股票买卖</Filter>
    </ClCompile>
    <ClCompile Include="ui\JylsForm.cpp">
      <Filter>交易界面</Filter>
    </ClCompile>
    <ClCompile Include="ui\MainDlg.cpp">
      <Filter>交易界面</Filter>
    </ClCompile>
    <ClCompile Include="ui\PriceComboBox.cpp">
      <Filter>交易界面\Controls</Filter>
    </ClCompile>
    <ClCompile Include="script\ScriptEng.cpp">
      <Filter>脚本</Filter>
    </ClCompile>
    <ClCompile Include="ui\UnitComboBox.cpp">
      <Filter>交易界面\Controls</Filter>
    </ClCompile>
    <ClCompile Include="interface\TdxTrading.cpp">
      <Filter>交易软件接口</Filter>
    </ClCompile>
  </ItemGroup>
  <ItemGroup>
    <ResourceCompile Include="LdTrading.rc">
      <Filter>资源文件</Filter>
    </ResourceCompile>
  </ItemGroup>
</Project>