<?xml version="1.0" encoding="utf-8"?>
<Project ToolsVersion="4.0" xmlns="http://schemas.microsoft.com/developer/msbuild/2003">
  <ItemGroup>
    <Filter Include="通信达交易">
      <UniqueIdentifier>{0805d786-5c56-402d-bed6-ce425e6757b7}</UniqueIdentifier>
    </Filter>
    <Filter Include="通信达交易\股票">
      <UniqueIdentifier>{cf8f1134-10d4-4543-a5c7-9f0b042fe14f}</UniqueIdentifier>
    </Filter>
    <Filter Include="通信达交易\基金">
      <UniqueIdentifier>{5cfdfb89-cc56-49a4-b814-0d397739932c}</UniqueIdentifier>
    </Filter>
    <Filter Include="Dll">
      <UniqueIdentifier>{fc99fa80-62a3-492e-a810-9c95ede90967}</UniqueIdentifier>
    </Filter>
    <Filter Include="通信达交易\主窗口">
      <UniqueIdentifier>{d8a61ece-9948-40f5-b0a6-07963e4dcf70}</UniqueIdentifier>
    </Filter>
  </ItemGroup>
  <ItemGroup>
    <ClCompile Include="dllmain.cpp">
      <Filter>Dll</Filter>
    </ClCompile>
    <ClCompile Include="winds\TDXLogin.cpp">
      <Filter>通信达交易\主窗口</Filter>
    </ClCompile>
    <ClCompile Include="winds\TDXMain.cpp">
      <Filter>通信达交易\主窗口</Filter>
    </ClCompile>
    <ClCompile Include="winds\TDXJjMc.cpp">
      <Filter>通信达交易\基金</Filter>
    </ClCompile>
    <ClCompile Include="winds\TDXJjMr.cpp">
      <Filter>通信达交易\基金</Filter>
    </ClCompile>
    <ClCompile Include="winds\TDXStockBuy.cpp">
      <Filter>通信达交易\股票</Filter>
    </ClCompile>
    <ClCompile Include="winds\TDXStockSell.cpp">
      <Filter>通信达交易\股票</Filter>
    </ClCompile>
    <ClCompile Include="winds\TDXZjmx.cpp">
      <Filter>通信达交易\股票</Filter>
    </ClCompile>
    <ClCompile Include="TdxTradSocket.cpp">
      <Filter>通信达交易</Filter>
    </ClCompile>
    <ClCompile Include="winds\TDXGfcx.cpp">
      <Filter>通信达交易\股票</Filter>
    </ClCompile>
  </ItemGroup>
  <ItemGroup>
    <ClInclude Include="stdafx.h">
      <Filter>Dll</Filter>
    </ClInclude>
    <ClInclude Include="resource.h">
      <Filter>Dll</Filter>
    </ClInclude>
    <ClInclude Include="TDXDataStruct.h">
      <Filter>通信达交易</Filter>
    </ClInclude>
    <ClInclude Include="winds\TDXLogin.h">
      <Filter>通信达交易\主窗口</Filter>
    </ClInclude>
    <ClInclude Include="winds\TDXMain.h">
      <Filter>通信达交易\主窗口</Filter>
    </ClInclude>
    <ClInclude Include="VerifyCode.h">
      <Filter>通信达交易</Filter>
    </ClInclude>
    <ClInclude Include="winds\TDXJjMc.h">
      <Filter>通信达交易\基金</Filter>
    </ClInclude>
    <ClInclude Include="winds\TDXJjMr.h">
      <Filter>通信达交易\基金</Filter>
    </ClInclude>
    <ClInclude Include="winds\TDXStockBuy.h">
      <Filter>通信达交易\股票</Filter>
    </ClInclude>
    <ClInclude Include="winds\TDXStockSell.h">
      <Filter>通信达交易\股票</Filter>
    </ClInclude>
    <ClInclude Include="winds\TDXZjmx.h">
      <Filter>通信达交易\股票</Filter>
    </ClInclude>
    <ClInclude Include="TdxTradSocket.h">
      <Filter>通信达交易</Filter>
    </ClInclude>
    <ClInclude Include="TDXSocketData.h">
      <Filter>通信达交易</Filter>
    </ClInclude>
    <ClInclude Include="winds\TDXGfcx.h">
      <Filter>通信达交易\股票</Filter>
    </ClInclude>
  </ItemGroup>
  <ItemGroup>
    <None Include="ReadMe.txt" />
  </ItemGroup>
</Project>